// !$*UTF8*$!
{
	archiveVersion = 1;
	classes = {
	};
	objectVersion = 55;
	objects = {

/* Begin PBXBuildFile section */
		D8949AE627A4FEA7006FBCA9 /* AppDelegate.swift in Sources */ = {isa = PBXBuildFile; fileRef = D8949AE527A4FEA7006FBCA9 /* AppDelegate.swift */; };
		D8949AE827A4FEA7006FBCA9 /* SceneDelegate.swift in Sources */ = {isa = PBXBuildFile; fileRef = D8949AE727A4FEA7006FBCA9 /* SceneDelegate.swift */; };
		D8949AEA27A4FEA7006FBCA9 /* ViewController.swift in Sources */ = {isa = PBXBuildFile; fileRef = D8949AE927A4FEA7006FBCA9 /* ViewController.swift */; };
		D8949AED27A4FEA7006FBCA9 /* Main.storyboard in Resources */ = {isa = PBXBuildFile; fileRef = D8949AEB27A4FEA7006FBCA9 /* Main.storyboard */; };
		D8949AEF27A4FEAA006FBCA9 /* Assets.xcassets in Resources */ = {isa = PBXBuildFile; fileRef = D8949AEE27A4FEAA006FBCA9 /* Assets.xcassets */; };
		D8949AF227A4FEAA006FBCA9 /* LaunchScreen.storyboard in Resources */ = {isa = PBXBuildFile; fileRef = D8949AF027A4FEAA006FBCA9 /* LaunchScreen.storyboard */; };
		D8949AFD27A4FEAA006FBCA9 /* Yumemi_iOS_trainingTests.swift in Sources */ = {isa = PBXBuildFile; fileRef = D8949AFC27A4FEAA006FBCA9 /* Yumemi_iOS_trainingTests.swift */; };
		D8949B0727A4FEAA006FBCA9 /* Yumemi_iOS_trainingUITests.swift in Sources */ = {isa = PBXBuildFile; fileRef = D8949B0627A4FEAA006FBCA9 /* Yumemi_iOS_trainingUITests.swift */; };
		D8949B0927A4FEAA006FBCA9 /* Yumemi_iOS_trainingUITestsLaunchTests.swift in Sources */ = {isa = PBXBuildFile; fileRef = D8949B0827A4FEAA006FBCA9 /* Yumemi_iOS_trainingUITestsLaunchTests.swift */; };
		D8949B1727A505FE006FBCA9 /* YumemiWeather in Frameworks */ = {isa = PBXBuildFile; productRef = D8949B1627A505FE006FBCA9 /* YumemiWeather */; };
/* End PBXBuildFile section */

/* Begin PBXContainerItemProxy section */
		D8949AF927A4FEAA006FBCA9 /* PBXContainerItemProxy */ = {
			isa = PBXContainerItemProxy;
			containerPortal = D8949ADA27A4FEA7006FBCA9 /* Project object */;
			proxyType = 1;
			remoteGlobalIDString = D8949AE127A4FEA7006FBCA9;
			remoteInfo = "Yumemi-iOS-training";
		};
		D8949B0327A4FEAA006FBCA9 /* PBXContainerItemProxy */ = {
			isa = PBXContainerItemProxy;
			containerPortal = D8949ADA27A4FEA7006FBCA9 /* Project object */;
			proxyType = 1;
			remoteGlobalIDString = D8949AE127A4FEA7006FBCA9;
			remoteInfo = "Yumemi-iOS-training";
		};
/* End PBXContainerItemProxy section */

/* Begin PBXFileReference section */
		D8949AE227A4FEA7006FBCA9 /* Yumemi-iOS-training.app */ = {isa = PBXFileReference; explicitFileType = wrapper.application; includeInIndex = 0; path = "Yumemi-iOS-training.app"; sourceTree = BUILT_PRODUCTS_DIR; };
		D8949AE527A4FEA7006FBCA9 /* AppDelegate.swift */ = {isa = PBXFileReference; lastKnownFileType = sourcecode.swift; path = AppDelegate.swift; sourceTree = "<group>"; };
		D8949AE727A4FEA7006FBCA9 /* SceneDelegate.swift */ = {isa = PBXFileReference; lastKnownFileType = sourcecode.swift; path = SceneDelegate.swift; sourceTree = "<group>"; };
		D8949AE927A4FEA7006FBCA9 /* ViewController.swift */ = {isa = PBXFileReference; lastKnownFileType = sourcecode.swift; path = ViewController.swift; sourceTree = "<group>"; };
		D8949AEC27A4FEA7006FBCA9 /* Base */ = {isa = PBXFileReference; lastKnownFileType = file.storyboard; name = Base; path = Base.lproj/Main.storyboard; sourceTree = "<group>"; };
		D8949AEE27A4FEAA006FBCA9 /* Assets.xcassets */ = {isa = PBXFileReference; lastKnownFileType = folder.assetcatalog; path = Assets.xcassets; sourceTree = "<group>"; };
		D8949AF127A4FEAA006FBCA9 /* Base */ = {isa = PBXFileReference; lastKnownFileType = file.storyboard; name = Base; path = Base.lproj/LaunchScreen.storyboard; sourceTree = "<group>"; };
		D8949AF327A4FEAA006FBCA9 /* Info.plist */ = {isa = PBXFileReference; lastKnownFileType = text.plist.xml; path = Info.plist; sourceTree = "<group>"; };
		D8949AF827A4FEAA006FBCA9 /* Yumemi-iOS-trainingTests.xctest */ = {isa = PBXFileReference; explicitFileType = wrapper.cfbundle; includeInIndex = 0; path = "Yumemi-iOS-trainingTests.xctest"; sourceTree = BUILT_PRODUCTS_DIR; };
		D8949AFC27A4FEAA006FBCA9 /* Yumemi_iOS_trainingTests.swift */ = {isa = PBXFileReference; lastKnownFileType = sourcecode.swift; path = Yumemi_iOS_trainingTests.swift; sourceTree = "<group>"; };
		D8949B0227A4FEAA006FBCA9 /* Yumemi-iOS-trainingUITests.xctest */ = {isa = PBXFileReference; explicitFileType = wrapper.cfbundle; includeInIndex = 0; path = "Yumemi-iOS-trainingUITests.xctest"; sourceTree = BUILT_PRODUCTS_DIR; };
		D8949B0627A4FEAA006FBCA9 /* Yumemi_iOS_trainingUITests.swift */ = {isa = PBXFileReference; lastKnownFileType = sourcecode.swift; path = Yumemi_iOS_trainingUITests.swift; sourceTree = "<group>"; };
		D8949B0827A4FEAA006FBCA9 /* Yumemi_iOS_trainingUITestsLaunchTests.swift */ = {isa = PBXFileReference; lastKnownFileType = sourcecode.swift; path = Yumemi_iOS_trainingUITestsLaunchTests.swift; sourceTree = "<group>"; };
/* End PBXFileReference section */

/* Begin PBXFrameworksBuildPhase section */
		D8949ADF27A4FEA7006FBCA9 /* Frameworks */ = {
			isa = PBXFrameworksBuildPhase;
			buildActionMask = 2147483647;
			files = (
				D8949B1727A505FE006FBCA9 /* YumemiWeather in Frameworks */,
			);
			runOnlyForDeploymentPostprocessing = 0;
		};
		D8949AF527A4FEAA006FBCA9 /* Frameworks */ = {
			isa = PBXFrameworksBuildPhase;
			buildActionMask = 2147483647;
			files = (
			);
			runOnlyForDeploymentPostprocessing = 0;
		};
		D8949AFF27A4FEAA006FBCA9 /* Frameworks */ = {
			isa = PBXFrameworksBuildPhase;
			buildActionMask = 2147483647;
			files = (
			);
			runOnlyForDeploymentPostprocessing = 0;
		};
/* End PBXFrameworksBuildPhase section */

/* Begin PBXGroup section */
		D8949AD927A4FEA7006FBCA9 = {
			isa = PBXGroup;
			children = (
				D8949AE427A4FEA7006FBCA9 /* Yumemi-iOS-training */,
				D8949AFB27A4FEAA006FBCA9 /* Yumemi-iOS-trainingTests */,
				D8949B0527A4FEAA006FBCA9 /* Yumemi-iOS-trainingUITests */,
				D8949AE327A4FEA7006FBCA9 /* Products */,
			);
			sourceTree = "<group>";
		};
		D8949AE327A4FEA7006FBCA9 /* Products */ = {
			isa = PBXGroup;
			children = (
				D8949AE227A4FEA7006FBCA9 /* Yumemi-iOS-training.app */,
				D8949AF827A4FEAA006FBCA9 /* Yumemi-iOS-trainingTests.xctest */,
				D8949B0227A4FEAA006FBCA9 /* Yumemi-iOS-trainingUITests.xctest */,
			);
			name = Products;
			sourceTree = "<group>";
		};
		D8949AE427A4FEA7006FBCA9 /* Yumemi-iOS-training */ = {
			isa = PBXGroup;
			children = (
				D8949AE527A4FEA7006FBCA9 /* AppDelegate.swift */,
				D8949AE727A4FEA7006FBCA9 /* SceneDelegate.swift */,
				D8949AE927A4FEA7006FBCA9 /* ViewController.swift */,
				D8949AEB27A4FEA7006FBCA9 /* Main.storyboard */,
				D8949AEE27A4FEAA006FBCA9 /* Assets.xcassets */,
				D8949AF027A4FEAA006FBCA9 /* LaunchScreen.storyboard */,
				D8949AF327A4FEAA006FBCA9 /* Info.plist */,
			);
			path = "Yumemi-iOS-training";
			sourceTree = "<group>";
		};
		D8949AFB27A4FEAA006FBCA9 /* Yumemi-iOS-trainingTests */ = {
			isa = PBXGroup;
			children = (
				D8949AFC27A4FEAA006FBCA9 /* Yumemi_iOS_trainingTests.swift */,
			);
			path = "Yumemi-iOS-trainingTests";
			sourceTree = "<group>";
		};
		D8949B0527A4FEAA006FBCA9 /* Yumemi-iOS-trainingUITests */ = {
			isa = PBXGroup;
			children = (
				D8949B0627A4FEAA006FBCA9 /* Yumemi_iOS_trainingUITests.swift */,
				D8949B0827A4FEAA006FBCA9 /* Yumemi_iOS_trainingUITestsLaunchTests.swift */,
			);
			path = "Yumemi-iOS-trainingUITests";
			sourceTree = "<group>";
		};
/* End PBXGroup section */

/* Begin PBXNativeTarget section */
		D8949AE127A4FEA7006FBCA9 /* Yumemi-iOS-training */ = {
			isa = PBXNativeTarget;
			buildConfigurationList = D8949B0C27A4FEAA006FBCA9 /* Build configuration list for PBXNativeTarget "Yumemi-iOS-training" */;
			buildPhases = (
				D8949ADE27A4FEA7006FBCA9 /* Sources */,
				D8949ADF27A4FEA7006FBCA9 /* Frameworks */,
				D8949AE027A4FEA7006FBCA9 /* Resources */,
			);
			buildRules = (
			);
			dependencies = (
			);
			name = "Yumemi-iOS-training";
			packageProductDependencies = (
				D8949B1627A505FE006FBCA9 /* YumemiWeather */,
			);
			productName = "Yumemi-iOS-training";
			productReference = D8949AE227A4FEA7006FBCA9 /* Yumemi-iOS-training.app */;
			productType = "com.apple.product-type.application";
		};
		D8949AF727A4FEAA006FBCA9 /* Yumemi-iOS-trainingTests */ = {
			isa = PBXNativeTarget;
			buildConfigurationList = D8949B0F27A4FEAA006FBCA9 /* Build configuration list for PBXNativeTarget "Yumemi-iOS-trainingTests" */;
			buildPhases = (
				D8949AF427A4FEAA006FBCA9 /* Sources */,
				D8949AF527A4FEAA006FBCA9 /* Frameworks */,
				D8949AF627A4FEAA006FBCA9 /* Resources */,
			);
			buildRules = (
			);
			dependencies = (
				D8949AFA27A4FEAA006FBCA9 /* PBXTargetDependency */,
			);
			name = "Yumemi-iOS-trainingTests";
			productName = "Yumemi-iOS-trainingTests";
			productReference = D8949AF827A4FEAA006FBCA9 /* Yumemi-iOS-trainingTests.xctest */;
			productType = "com.apple.product-type.bundle.unit-test";
		};
		D8949B0127A4FEAA006FBCA9 /* Yumemi-iOS-trainingUITests */ = {
			isa = PBXNativeTarget;
			buildConfigurationList = D8949B1227A4FEAA006FBCA9 /* Build configuration list for PBXNativeTarget "Yumemi-iOS-trainingUITests" */;
			buildPhases = (
				D8949AFE27A4FEAA006FBCA9 /* Sources */,
				D8949AFF27A4FEAA006FBCA9 /* Frameworks */,
				D8949B0027A4FEAA006FBCA9 /* Resources */,
			);
			buildRules = (
			);
			dependencies = (
				D8949B0427A4FEAA006FBCA9 /* PBXTargetDependency */,
			);
			name = "Yumemi-iOS-trainingUITests";
			productName = "Yumemi-iOS-trainingUITests";
			productReference = D8949B0227A4FEAA006FBCA9 /* Yumemi-iOS-trainingUITests.xctest */;
			productType = "com.apple.product-type.bundle.ui-testing";
		};
/* End PBXNativeTarget section */

/* Begin PBXProject section */
		D8949ADA27A4FEA7006FBCA9 /* Project object */ = {
			isa = PBXProject;
			attributes = {
				BuildIndependentTargetsInParallel = 1;
				LastSwiftUpdateCheck = 1320;
				LastUpgradeCheck = 1320;
				TargetAttributes = {
					D8949AE127A4FEA7006FBCA9 = {
						CreatedOnToolsVersion = 13.2.1;
					};
					D8949AF727A4FEAA006FBCA9 = {
						CreatedOnToolsVersion = 13.2.1;
						TestTargetID = D8949AE127A4FEA7006FBCA9;
					};
					D8949B0127A4FEAA006FBCA9 = {
						CreatedOnToolsVersion = 13.2.1;
						TestTargetID = D8949AE127A4FEA7006FBCA9;
					};
				};
			};
			buildConfigurationList = D8949ADD27A4FEA7006FBCA9 /* Build configuration list for PBXProject "Yumemi-iOS-training" */;
			compatibilityVersion = "Xcode 13.0";
			developmentRegion = en;
			hasScannedForEncodings = 0;
			knownRegions = (
				en,
				Base,
			);
			mainGroup = D8949AD927A4FEA7006FBCA9;
			packageReferences = (
				D8949B1527A505FE006FBCA9 /* XCRemoteSwiftPackageReference "ios-training" */,
			);
			productRefGroup = D8949AE327A4FEA7006FBCA9 /* Products */;
			projectDirPath = "";
			projectRoot = "";
			targets = (
				D8949AE127A4FEA7006FBCA9 /* Yumemi-iOS-training */,
				D8949AF727A4FEAA006FBCA9 /* Yumemi-iOS-trainingTests */,
				D8949B0127A4FEAA006FBCA9 /* Yumemi-iOS-trainingUITests */,
			);
		};
/* End PBXProject section */

/* Begin PBXResourcesBuildPhase section */
		D8949AE027A4FEA7006FBCA9 /* Resources */ = {
			isa = PBXResourcesBuildPhase;
			buildActionMask = 2147483647;
			files = (
				D8949AF227A4FEAA006FBCA9 /* LaunchScreen.storyboard in Resources */,
				D8949AEF27A4FEAA006FBCA9 /* Assets.xcassets in Resources */,
				D8949AED27A4FEA7006FBCA9 /* Main.storyboard in Resources */,
			);
			runOnlyForDeploymentPostprocessing = 0;
		};
		D8949AF627A4FEAA006FBCA9 /* Resources */ = {
			isa = PBXResourcesBuildPhase;
			buildActionMask = 2147483647;
			files = (
			);
			runOnlyForDeploymentPostprocessing = 0;
		};
		D8949B0027A4FEAA006FBCA9 /* Resources */ = {
			isa = PBXResourcesBuildPhase;
			buildActionMask = 2147483647;
			files = (
			);
			runOnlyForDeploymentPostprocessing = 0;
		};
/* End PBXResourcesBuildPhase section */

/* Begin PBXSourcesBuildPhase section */
		D8949ADE27A4FEA7006FBCA9 /* Sources */ = {
			isa = PBXSourcesBuildPhase;
			buildActionMask = 2147483647;
			files = (
				D8949AEA27A4FEA7006FBCA9 /* ViewController.swift in Sources */,
				D8949AE627A4FEA7006FBCA9 /* AppDelegate.swift in Sources */,
				D8949AE827A4FEA7006FBCA9 /* SceneDelegate.swift in Sources */,
			);
			runOnlyForDeploymentPostprocessing = 0;
		};
		D8949AF427A4FEAA006FBCA9 /* Sources */ = {
			isa = PBXSourcesBuildPhase;
			buildActionMask = 2147483647;
			files = (
				D8949AFD27A4FEAA006FBCA9 /* Yumemi_iOS_trainingTests.swift in Sources */,
			);
			runOnlyForDeploymentPostprocessing = 0;
		};
		D8949AFE27A4FEAA006FBCA9 /* Sources */ = {
			isa = PBXSourcesBuildPhase;
			buildActionMask = 2147483647;
			files = (
				D8949B0927A4FEAA006FBCA9 /* Yumemi_iOS_trainingUITestsLaunchTests.swift in Sources */,
				D8949B0727A4FEAA006FBCA9 /* Yumemi_iOS_trainingUITests.swift in Sources */,
			);
			runOnlyForDeploymentPostprocessing = 0;
		};
/* End PBXSourcesBuildPhase section */

/* Begin PBXTargetDependency section */
		D8949AFA27A4FEAA006FBCA9 /* PBXTargetDependency */ = {
			isa = PBXTargetDependency;
			target = D8949AE127A4FEA7006FBCA9 /* Yumemi-iOS-training */;
			targetProxy = D8949AF927A4FEAA006FBCA9 /* PBXContainerItemProxy */;
		};
		D8949B0427A4FEAA006FBCA9 /* PBXTargetDependency */ = {
			isa = PBXTargetDependency;
			target = D8949AE127A4FEA7006FBCA9 /* Yumemi-iOS-training */;
			targetProxy = D8949B0327A4FEAA006FBCA9 /* PBXContainerItemProxy */;
		};
/* End PBXTargetDependency section */

/* Begin PBXVariantGroup section */
		D8949AEB27A4FEA7006FBCA9 /* Main.storyboard */ = {
			isa = PBXVariantGroup;
			children = (
				D8949AEC27A4FEA7006FBCA9 /* Base */,
			);
			name = Main.storyboard;
			sourceTree = "<group>";
		};
		D8949AF027A4FEAA006FBCA9 /* LaunchScreen.storyboard */ = {
			isa = PBXVariantGroup;
			children = (
				D8949AF127A4FEAA006FBCA9 /* Base */,
			);
			name = LaunchScreen.storyboard;
			sourceTree = "<group>";
		};
/* End PBXVariantGroup section */

/* Begin XCBuildConfiguration section */
		D8949B0A27A4FEAA006FBCA9 /* Debug */ = {
			isa = XCBuildConfiguration;
			buildSettings = {
				ALWAYS_SEARCH_USER_PATHS = NO;
				CLANG_ANALYZER_NONNULL = YES;
				CLANG_ANALYZER_NUMBER_OBJECT_CONVERSION = YES_AGGRESSIVE;
				CLANG_CXX_LANGUAGE_STANDARD = "gnu++17";
				CLANG_CXX_LIBRARY = "libc++";
				CLANG_ENABLE_MODULES = YES;
				CLANG_ENABLE_OBJC_ARC = YES;
				CLANG_ENABLE_OBJC_WEAK = YES;
				CLANG_WARN_BLOCK_CAPTURE_AUTORELEASING = YES;
				CLANG_WARN_BOOL_CONVERSION = YES;
				CLANG_WARN_COMMA = YES;
				CLANG_WARN_CONSTANT_CONVERSION = YES;
				CLANG_WARN_DEPRECATED_OBJC_IMPLEMENTATIONS = YES;
				CLANG_WARN_DIRECT_OBJC_ISA_USAGE = YES_ERROR;
				CLANG_WARN_DOCUMENTATION_COMMENTS = YES;
				CLANG_WARN_EMPTY_BODY = YES;
				CLANG_WARN_ENUM_CONVERSION = YES;
				CLANG_WARN_INFINITE_RECURSION = YES;
				CLANG_WARN_INT_CONVERSION = YES;
				CLANG_WARN_NON_LITERAL_NULL_CONVERSION = YES;
				CLANG_WARN_OBJC_IMPLICIT_RETAIN_SELF = YES;
				CLANG_WARN_OBJC_LITERAL_CONVERSION = YES;
				CLANG_WARN_OBJC_ROOT_CLASS = YES_ERROR;
				CLANG_WARN_QUOTED_INCLUDE_IN_FRAMEWORK_HEADER = YES;
				CLANG_WARN_RANGE_LOOP_ANALYSIS = YES;
				CLANG_WARN_STRICT_PROTOTYPES = YES;
				CLANG_WARN_SUSPICIOUS_MOVE = YES;
				CLANG_WARN_UNGUARDED_AVAILABILITY = YES_AGGRESSIVE;
				CLANG_WARN_UNREACHABLE_CODE = YES;
				CLANG_WARN__DUPLICATE_METHOD_MATCH = YES;
				COPY_PHASE_STRIP = NO;
				DEBUG_INFORMATION_FORMAT = dwarf;
				ENABLE_STRICT_OBJC_MSGSEND = YES;
				ENABLE_TESTABILITY = YES;
				GCC_C_LANGUAGE_STANDARD = gnu11;
				GCC_DYNAMIC_NO_PIC = NO;
				GCC_NO_COMMON_BLOCKS = YES;
				GCC_OPTIMIZATION_LEVEL = 0;
				GCC_PREPROCESSOR_DEFINITIONS = (
					"DEBUG=1",
					"$(inherited)",
				);
				GCC_WARN_64_TO_32_BIT_CONVERSION = YES;
				GCC_WARN_ABOUT_RETURN_TYPE = YES_ERROR;
				GCC_WARN_UNDECLARED_SELECTOR = YES;
				GCC_WARN_UNINITIALIZED_AUTOS = YES_AGGRESSIVE;
				GCC_WARN_UNUSED_FUNCTION = YES;
				GCC_WARN_UNUSED_VARIABLE = YES;
				IPHONEOS_DEPLOYMENT_TARGET = 15.2;
				MTL_ENABLE_DEBUG_INFO = INCLUDE_SOURCE;
				MTL_FAST_MATH = YES;
				ONLY_ACTIVE_ARCH = YES;
				SDKROOT = iphoneos;
				SWIFT_ACTIVE_COMPILATION_CONDITIONS = DEBUG;
				SWIFT_OPTIMIZATION_LEVEL = "-Onone";
			};
			name = Debug;
		};
		D8949B0B27A4FEAA006FBCA9 /* Release */ = {
			isa = XCBuildConfiguration;
			buildSettings = {
				ALWAYS_SEARCH_USER_PATHS = NO;
				CLANG_ANALYZER_NONNULL = YES;
				CLANG_ANALYZER_NUMBER_OBJECT_CONVERSION = YES_AGGRESSIVE;
				CLANG_CXX_LANGUAGE_STANDARD = "gnu++17";
				CLANG_CXX_LIBRARY = "libc++";
				CLANG_ENABLE_MODULES = YES;
				CLANG_ENABLE_OBJC_ARC = YES;
				CLANG_ENABLE_OBJC_WEAK = YES;
				CLANG_WARN_BLOCK_CAPTURE_AUTORELEASING = YES;
				CLANG_WARN_BOOL_CONVERSION = YES;
				CLANG_WARN_COMMA = YES;
				CLANG_WARN_CONSTANT_CONVERSION = YES;
				CLANG_WARN_DEPRECATED_OBJC_IMPLEMENTATIONS = YES;
				CLANG_WARN_DIRECT_OBJC_ISA_USAGE = YES_ERROR;
				CLANG_WARN_DOCUMENTATION_COMMENTS = YES;
				CLANG_WARN_EMPTY_BODY = YES;
				CLANG_WARN_ENUM_CONVERSION = YES;
				CLANG_WARN_INFINITE_RECURSION = YES;
				CLANG_WARN_INT_CONVERSION = YES;
				CLANG_WARN_NON_LITERAL_NULL_CONVERSION = YES;
				CLANG_WARN_OBJC_IMPLICIT_RETAIN_SELF = YES;
				CLANG_WARN_OBJC_LITERAL_CONVERSION = YES;
				CLANG_WARN_OBJC_ROOT_CLASS = YES_ERROR;
				CLANG_WARN_QUOTED_INCLUDE_IN_FRAMEWORK_HEADER = YES;
				CLANG_WARN_RANGE_LOOP_ANALYSIS = YES;
				CLANG_WARN_STRICT_PROTOTYPES = YES;
				CLANG_WARN_SUSPICIOUS_MOVE = YES;
				CLANG_WARN_UNGUARDED_AVAILABILITY = YES_AGGRESSIVE;
				CLANG_WARN_UNREACHABLE_CODE = YES;
				CLANG_WARN__DUPLICATE_METHOD_MATCH = YES;
				COPY_PHASE_STRIP = NO;
				DEBUG_INFORMATION_FORMAT = "dwarf-with-dsym";
				ENABLE_NS_ASSERTIONS = NO;
				ENABLE_STRICT_OBJC_MSGSEND = YES;
				GCC_C_LANGUAGE_STANDARD = gnu11;
				GCC_NO_COMMON_BLOCKS = YES;
				GCC_WARN_64_TO_32_BIT_CONVERSION = YES;
				GCC_WARN_ABOUT_RETURN_TYPE = YES_ERROR;
				GCC_WARN_UNDECLARED_SELECTOR = YES;
				GCC_WARN_UNINITIALIZED_AUTOS = YES_AGGRESSIVE;
				GCC_WARN_UNUSED_FUNCTION = YES;
				GCC_WARN_UNUSED_VARIABLE = YES;
				IPHONEOS_DEPLOYMENT_TARGET = 15.2;
				MTL_ENABLE_DEBUG_INFO = NO;
				MTL_FAST_MATH = YES;
				SDKROOT = iphoneos;
				SWIFT_COMPILATION_MODE = wholemodule;
				SWIFT_OPTIMIZATION_LEVEL = "-O";
				VALIDATE_PRODUCT = YES;
			};
			name = Release;
		};
		D8949B0D27A4FEAA006FBCA9 /* Debug */ = {
			isa = XCBuildConfiguration;
			buildSettings = {
				ASSETCATALOG_COMPILER_APPICON_NAME = AppIcon;
				ASSETCATALOG_COMPILER_GLOBAL_ACCENT_COLOR_NAME = AccentColor;
				CODE_SIGN_STYLE = Automatic;
				CURRENT_PROJECT_VERSION = 1;
				DEVELOPMENT_TEAM = 7AAG7H24T5;
				GENERATE_INFOPLIST_FILE = YES;
				INFOPLIST_FILE = "Yumemi-iOS-training/Info.plist";
				INFOPLIST_KEY_UIApplicationSupportsIndirectInputEvents = YES;
				INFOPLIST_KEY_UILaunchStoryboardName = LaunchScreen;
				INFOPLIST_KEY_UIMainStoryboardFile = Main;
				INFOPLIST_KEY_UISupportedInterfaceOrientations_iPad = "UIInterfaceOrientationPortrait UIInterfaceOrientationPortraitUpsideDown UIInterfaceOrientationLandscapeLeft UIInterfaceOrientationLandscapeRight";
				INFOPLIST_KEY_UISupportedInterfaceOrientations_iPhone = "UIInterfaceOrientationPortrait UIInterfaceOrientationLandscapeLeft UIInterfaceOrientationLandscapeRight";
				LD_RUNPATH_SEARCH_PATHS = (
					"$(inherited)",
					"@executable_path/Frameworks",
				);
				MARKETING_VERSION = 1.0;
				PRODUCT_BUNDLE_IDENTIFIER = "com.gmail-mode.sh0k0.c.Yumemi-iOS-training";
				PRODUCT_NAME = "$(TARGET_NAME)";
				SWIFT_EMIT_LOC_STRINGS = YES;
				SWIFT_VERSION = 5.0;
				TARGETED_DEVICE_FAMILY = "1,2";
			};
			name = Debug;
		};
		D8949B0E27A4FEAA006FBCA9 /* Release */ = {
			isa = XCBuildConfiguration;
			buildSettings = {
				ASSETCATALOG_COMPILER_APPICON_NAME = AppIcon;
				ASSETCATALOG_COMPILER_GLOBAL_ACCENT_COLOR_NAME = AccentColor;
				CODE_SIGN_STYLE = Automatic;
				CURRENT_PROJECT_VERSION = 1;
				DEVELOPMENT_TEAM = 7AAG7H24T5;
				GENERATE_INFOPLIST_FILE = YES;
				INFOPLIST_FILE = "Yumemi-iOS-training/Info.plist";
				INFOPLIST_KEY_UIApplicationSupportsIndirectInputEvents = YES;
				INFOPLIST_KEY_UILaunchStoryboardName = LaunchScreen;
				INFOPLIST_KEY_UIMainStoryboardFile = Main;
				INFOPLIST_KEY_UISupportedInterfaceOrientations_iPad = "UIInterfaceOrientationPortrait UIInterfaceOrientationPortraitUpsideDown UIInterfaceOrientationLandscapeLeft UIInterfaceOrientationLandscapeRight";
				INFOPLIST_KEY_UISupportedInterfaceOrientations_iPhone = "UIInterfaceOrientationPortrait UIInterfaceOrientationLandscapeLeft UIInterfaceOrientationLandscapeRight";
				LD_RUNPATH_SEARCH_PATHS = (
					"$(inherited)",
					"@executable_path/Frameworks",
				);
				MARKETING_VERSION = 1.0;
				PRODUCT_BUNDLE_IDENTIFIER = "com.gmail-mode.sh0k0.c.Yumemi-iOS-training";
				PRODUCT_NAME = "$(TARGET_NAME)";
				SWIFT_EMIT_LOC_STRINGS = YES;
				SWIFT_VERSION = 5.0;
				TARGETED_DEVICE_FAMILY = "1,2";
			};
			name = Release;
		};
		D8949B1027A4FEAA006FBCA9 /* Debug */ = {
			isa = XCBuildConfiguration;
			buildSettings = {
				ALWAYS_EMBED_SWIFT_STANDARD_LIBRARIES = YES;
				BUNDLE_LOADER = "$(TEST_HOST)";
				CODE_SIGN_STYLE = Automatic;
				CURRENT_PROJECT_VERSION = 1;
				DEVELOPMENT_TEAM = 7AAG7H24T5;
				GENERATE_INFOPLIST_FILE = YES;
				IPHONEOS_DEPLOYMENT_TARGET = 15.2;
				MARKETING_VERSION = 1.0;
				PRODUCT_BUNDLE_IDENTIFIER = "com.gmail-mode.sh0k0.c.Yumemi-iOS-trainingTests";
				PRODUCT_NAME = "$(TARGET_NAME)";
				SWIFT_EMIT_LOC_STRINGS = NO;
				SWIFT_VERSION = 5.0;
				TARGETED_DEVICE_FAMILY = "1,2";
				TEST_HOST = "$(BUILT_PRODUCTS_DIR)/Yumemi-iOS-training.app/Yumemi-iOS-training";
			};
			name = Debug;
		};
		D8949B1127A4FEAA006FBCA9 /* Release */ = {
			isa = XCBuildConfiguration;
			buildSettings = {
				ALWAYS_EMBED_SWIFT_STANDARD_LIBRARIES = YES;
				BUNDLE_LOADER = "$(TEST_HOST)";
				CODE_SIGN_STYLE = Automatic;
				CURRENT_PROJECT_VERSION = 1;
				DEVELOPMENT_TEAM = 7AAG7H24T5;
				GENERATE_INFOPLIST_FILE = YES;
				IPHONEOS_DEPLOYMENT_TARGET = 15.2;
				MARKETING_VERSION = 1.0;
				PRODUCT_BUNDLE_IDENTIFIER = "com.gmail-mode.sh0k0.c.Yumemi-iOS-trainingTests";
				PRODUCT_NAME = "$(TARGET_NAME)";
				SWIFT_EMIT_LOC_STRINGS = NO;
				SWIFT_VERSION = 5.0;
				TARGETED_DEVICE_FAMILY = "1,2";
				TEST_HOST = "$(BUILT_PRODUCTS_DIR)/Yumemi-iOS-training.app/Yumemi-iOS-training";
			};
			name = Release;
		};
		D8949B1327A4FEAA006FBCA9 /* Debug */ = {
			isa = XCBuildConfiguration;
			buildSettings = {
				ALWAYS_EMBED_SWIFT_STANDARD_LIBRARIES = YES;
				CODE_SIGN_STYLE = Automatic;
				CURRENT_PROJECT_VERSION = 1;
				DEVELOPMENT_TEAM = 7AAG7H24T5;
				GENERATE_INFOPLIST_FILE = YES;
				MARKETING_VERSION = 1.0;
				PRODUCT_BUNDLE_IDENTIFIER = "com.gmail-mode.sh0k0.c.Yumemi-iOS-trainingUITests";
				PRODUCT_NAME = "$(TARGET_NAME)";
				SWIFT_EMIT_LOC_STRINGS = NO;
				SWIFT_VERSION = 5.0;
				TARGETED_DEVICE_FAMILY = "1,2";
				TEST_TARGET_NAME = "Yumemi-iOS-training";
			};
			name = Debug;
		};
		D8949B1427A4FEAA006FBCA9 /* Release */ = {
			isa = XCBuildConfiguration;
			buildSettings = {
				ALWAYS_EMBED_SWIFT_STANDARD_LIBRARIES = YES;
				CODE_SIGN_STYLE = Automatic;
				CURRENT_PROJECT_VERSION = 1;
				DEVELOPMENT_TEAM = 7AAG7H24T5;
				GENERATE_INFOPLIST_FILE = YES;
				MARKETING_VERSION = 1.0;
				PRODUCT_BUNDLE_IDENTIFIER = "com.gmail-mode.sh0k0.c.Yumemi-iOS-trainingUITests";
				PRODUCT_NAME = "$(TARGET_NAME)";
				SWIFT_EMIT_LOC_STRINGS = NO;
				SWIFT_VERSION = 5.0;
				TARGETED_DEVICE_FAMILY = "1,2";
				TEST_TARGET_NAME = "Yumemi-iOS-training";
			};
			name = Release;
		};
/* End XCBuildConfiguration section */

/* Begin XCConfigurationList section */
		D8949ADD27A4FEA7006FBCA9 /* Build configuration list for PBXProject "Yumemi-iOS-training" */ = {
			isa = XCConfigurationList;
			buildConfigurations = (
				D8949B0A27A4FEAA006FBCA9 /* Debug */,
				D8949B0B27A4FEAA006FBCA9 /* Release */,
			);
			defaultConfigurationIsVisible = 0;
			defaultConfigurationName = Release;
		};
		D8949B0C27A4FEAA006FBCA9 /* Build configuration list for PBXNativeTarget "Yumemi-iOS-training" */ = {
			isa = XCConfigurationList;
			buildConfigurations = (
				D8949B0D27A4FEAA006FBCA9 /* Debug */,
				D8949B0E27A4FEAA006FBCA9 /* Release */,
			);
			defaultConfigurationIsVisible = 0;
			defaultConfigurationName = Release;
		};
		D8949B0F27A4FEAA006FBCA9 /* Build configuration list for PBXNativeTarget "Yumemi-iOS-trainingTests" */ = {
			isa = XCConfigurationList;
			buildConfigurations = (
				D8949B1027A4FEAA006FBCA9 /* Debug */,
				D8949B1127A4FEAA006FBCA9 /* Release */,
			);
			defaultConfigurationIsVisible = 0;
			defaultConfigurationName = Release;
		};
		D8949B1227A4FEAA006FBCA9 /* Build configuration list for PBXNativeTarget "Yumemi-iOS-trainingUITests" */ = {
			isa = XCConfigurationList;
			buildConfigurations = (
				D8949B1327A4FEAA006FBCA9 /* Debug */,
				D8949B1427A4FEAA006FBCA9 /* Release */,
			);
			defaultConfigurationIsVisible = 0;
			defaultConfigurationName = Release;
		};
/* End XCConfigurationList section */

/* Begin XCRemoteSwiftPackageReference section */
		D8949B1527A505FE006FBCA9 /* XCRemoteSwiftPackageReference "ios-training" */ = {
			isa = XCRemoteSwiftPackageReference;
			repositoryURL = "https://github.com/yumemi-inc/ios-training.git";
			requirement = {
				branch = main;
				kind = branch;
			};
		};
/* End XCRemoteSwiftPackageReference section */

/* Begin XCSwiftPackageProductDependency section */
		D8949B1627A505FE006FBCA9 /* YumemiWeather */ = {
			isa = XCSwiftPackageProductDependency;
			package = D8949B1527A505FE006FBCA9 /* XCRemoteSwiftPackageReference "ios-training" */;
			productName = YumemiWeather;
		};
/* End XCSwiftPackageProductDependency section */
	};
	rootObject = D8949ADA27A4FEA7006FBCA9 /* Project object */;
}
